{
  "nodes": {
    "homelab-modules": {
      "locked": {
        "lastModified": 1791384657,
        "narHash": "sha256-GhShWstdcRjKXyzy/CkfR+X06zETW0LGXX10bNMz7UU=",
        "owner": "ww4",
        "repo": "homelab-modules",
        "rev": "8ea6a770909b0dd92eb83686a4fbe35f0ad7db03",
        "type": "github"
      },
      "original": {
        "owner": "ww4",
        "repo": "homelab-modules",
        "type": "github"
      }
    },
    "nixpkgs": {
      "locked": {
        "lastModified": 1790870687,
        "narHash": "sha256-yNMwoLrMFI5dS7NZsrQAMBVyOXjQ5uXFDLHjh//OAK4=",
        "owner": "NixOS",
        "repo": "nixpkgs",
        "rev": "4feb8eb8bf30f323a8a5d285f14ee51d6a7197b1",
        "type": "github"
      },
      "original": {
        "owner": "NixOS",
        "ref": "nixos-26.05",
        "repo": "nixpkgs",
        "type": "github"
      }
    },
    "root": {
      "inputs": {
        "homelab-modules": "homelab-modules",
        "nixpkgs": "nixpkgs"
      }
    }
  },
  "root": "root",
  "version": 7
}
